<?xml version="1.0" encoding="utf-8"?>
<Project ToolsVersion="4.0" xmlns="http://schemas.microsoft.com/developer/msbuild/2003">
  <ItemGroup>
    <Filter Include="Source Files">
      <UniqueIdentifier>{4FC737F1-C7A5-4376-A066-2A32D752A2FF}</UniqueIdentifier>
      <Extensions>cpp;c;cc;cxx;def;odl;idl;hpj;bat;asm;asmx</Extensions>
    </Filter>
    <Filter Include="Header Files">
      <UniqueIdentifier>{93995380-89BD-4b04-88EB-625FBE52EBFB}</UniqueIdentifier>
      <Extensions>h;hpp;hxx;hm;inl;inc;xsd</Extensions>
    </Filter>
    <Filter Include="Resource Files">
      <UniqueIdentifier>{67DA6AB6-F800-4c08-8B7A-83BB121AAD01}</UniqueIdentifier>
      <Extensions>rc;ico;cur;bmp;dlg;rc2;rct;bin;rgs;gif;jpg;jpeg;jpe;resx;tiff;tif;png;wav;mfcribbon-ms</Extensions>
    </Filter>
    <Filter Include="Third-Party Libraries">
      <UniqueIdentifier>{d865c4cf-7c29-4228-b921-20868ae97d07}</UniqueIdentifier>
      <Extensions>
      </Extensions>
    </Filter>
  </ItemGroup>
  <ItemGroup>
    <ClInclude Include="src\oldsave.h">
      <Filter>Header Files</Filter>
    </ClInclude>
    <ClInclude Include="src\minit.h">
      <Filter>Header Files</Filter>
    </ClInclude>
    <ClInclude Include="src\iinit.h">
      <Filter>Header Files</Filter>
    </ClInclude>
    <ClInclude Include="src\glob.h">
      <Filter>Header Files</Filter>
    </ClInclude>
    <ClInclude Include="src\extern.h">
      <Filter>Header Files</Filter>
    </ClInclude>
    <ClInclude Include="src\defs.h">
      <Filter>Header Files</Filter>
    </ClInclude>
  </ItemGroup>
  <ItemGroup>
    <ClCompile Include="src\effect2.c">
      <Filter>Source Files</Filter>
    </ClCompile>
    <ClCompile Include="src\effect1.c">
      <Filter>Source Files</Filter>
    </ClCompile>
    <ClCompile Include="src\country.c">
      <Filter>Source Files</Filter>
    </ClCompile>
    <ClCompile Include="src\command3.c">
      <Filter>Source Files</Filter>
    </ClCompile>
    <ClCompile Include="src\command2.c">
      <Filter>Source Files</Filter>
    </ClCompile>
    <ClCompile Include="src\command1.c">
      <Filter>Source Files</Filter>
    </ClCompile>
    <ClCompile Include="src\city.c">
      <Filter>Source Files</Filter>
    </ClCompile>
    <ClCompile Include="src\char.c">
      <Filter>Source Files</Filter>
    </ClCompile>
    <ClCompile Include="src\bank.c">
      <Filter>Source Files</Filter>
    </ClCompile>
    <ClCompile Include="src\aux3.c">
      <Filter>Source Files</Filter>
    </ClCompile>
    <ClCompile Include="src\aux2.c">
      <Filter>Source Files</Filter>
    </ClCompile>
    <ClCompile Include="src\aux1.c">
      <Filter>Source Files</Filter>
    </ClCompile>
    <ClCompile Include="src\abyss.c">
      <Filter>Source Files</Filter>
    </ClCompile>
    <ClCompile Include="src\village.c">
      <Filter>Source Files</Filter>
    </ClCompile>
    <ClCompile Include="src\util.c">
      <Filter>Source Files</Filter>
    </ClCompile>
    <ClCompile Include="src\trap.c">
      <Filter>Source Files</Filter>
    </ClCompile>
    <ClCompile Include="src\time.c">
      <Filter>Source Files</Filter>
    </ClCompile>
    <ClCompile Include="src\stats.c">
      <Filter>Source Files</Filter>
    </ClCompile>
    <ClCompile Include="src\spell.c">
      <Filter>Source Files</Filter>
    </ClCompile>
    <ClCompile Include="src\site2.c">
      <Filter>Source Files</Filter>
    </ClCompile>
    <ClCompile Include="src\site1.c">
      <Filter>Source Files</Filter>
    </ClCompile>
    <ClCompile Include="src\scr.c">
      <Filter>Source Files</Filter>
    </ClCompile>
    <ClCompile Include="src\save.c">
      <Filter>Source Files</Filter>
    </ClCompile>
    <ClCompile Include="src\priest.c">
      <Filter>Source Files</Filter>
    </ClCompile>
    <ClCompile Include="src\pdump.c">
      <Filter>Source Files</Filter>
    </ClCompile>
    <ClCompile Include="src\omega.c">
      <Filter>Source Files</Filter>
    </ClCompile>
    <ClCompile Include="src\newrand.c">
      <Filter>Source Files</Filter>
    </ClCompile>
    <ClCompile Include="src\mtalk.c">
      <Filter>Source Files</Filter>
    </ClCompile>
    <ClCompile Include="src\mstrike.c">
      <Filter>Source Files</Filter>
    </ClCompile>
    <ClCompile Include="src\mspec.c">
      <Filter>Source Files</Filter>
    </ClCompile>
    <ClCompile Include="src\movef.c">
      <Filter>Source Files</Filter>
    </ClCompile>
    <ClCompile Include="src\move.c">
      <Filter>Source Files</Filter>
    </ClCompile>
    <ClCompile Include="src\mon.c">
      <Filter>Source Files</Filter>
    </ClCompile>
    <ClCompile Include="src\mmove.c">
      <Filter>Source Files</Filter>
    </ClCompile>
    <ClCompile Include="src\mmelee.c">
      <Filter>Source Files</Filter>
    </ClCompile>
    <ClCompile Include="src\map.c">
      <Filter>Source Files</Filter>
    </ClCompile>
    <ClCompile Include="src\lev.c">
      <Filter>Source Files</Filter>
    </ClCompile>
    <ClCompile Include="src\itemf3.c">
      <Filter>Source Files</Filter>
    </ClCompile>
    <ClCompile Include="src\itemf2.c">
      <Filter>Source Files</Filter>
    </ClCompile>
    <ClCompile Include="src\itemf1.c">
      <Filter>Source Files</Filter>
    </ClCompile>
    <ClCompile Include="src\item.c">
      <Filter>Source Files</Filter>
    </ClCompile>
    <ClCompile Include="src\inv.c">
      <Filter>Source Files</Filter>
    </ClCompile>
    <ClCompile Include="src\init.c">
      <Filter>Source Files</Filter>
    </ClCompile>
    <ClCompile Include="src\house.c">
      <Filter>Source Files</Filter>
    </ClCompile>
    <ClCompile Include="src\guild2.c">
      <Filter>Source Files</Filter>
    </ClCompile>
    <ClCompile Include="src\guild1.c">
      <Filter>Source Files</Filter>
    </ClCompile>
    <ClCompile Include="src\gen2.c">
      <Filter>Source Files</Filter>
    </ClCompile>
    <ClCompile Include="src\gen1.c">
      <Filter>Source Files</Filter>
    </ClCompile>
    <ClCompile Include="src\file.c">
      <Filter>Source Files</Filter>
    </ClCompile>
    <ClCompile Include="src\etc.c">
      <Filter>Source Files</Filter>
    </ClCompile>
    <ClCompile Include="src\env.c">
      <Filter>Source Files</Filter>
    </ClCompile>
    <ClCompile Include="src\effect3.c">
      <Filter>Source Files</Filter>
    </ClCompile>
  </ItemGroup>
  <ItemGroup>
    <Library Include="..\..\lib\pdcurses.lib">
      <Filter>Third-Party Libraries</Filter>
    </Library>
  </ItemGroup>
</Project>